
Microsoft Visual Studio Solution File, Format Version 12.00
# Visual Studio Version 17
VisualStudioVersion = 17.12.35527.113 d17.12
MinimumVisualStudioVersion = 10.0.40219.1
Project("{FAE04EC0-301F-11D3-BF4B-00C04F79EFBC}") = "OnionArchOrnegi.WebAPI", "OnionArchOrnegi.WebAPI\OnionArchOrnegi.WebAPI.csproj", "{5E2DD496-597C-4937-BDE4-49771E3AEFEF}"
EndProject
Project("{FAE04EC0-301F-11D3-BF4B-00C04F79EFBC}") = "OnionArchOrnegi.Application", "OnionArchOrnegi.Application\OnionArchOrnegi.Application.csproj", "{FCF68E11-C067-45B6-AAC3-B29D0BE95DDC}"
EndProject
Project("{FAE04EC0-301F-11D3-BF4B-00C04F79EFBC}") = "OnionArchOrnegi.Domain", "OnionArchOrnegi.Domain\OnionArchOrnegi.Domain.csproj", "{0B2DEB38-57B9-4B2D-A139-F338017D9C6E}"
EndProject
Project("{FAE04EC0-301F-11D3-BF4B-00C04F79EFBC}") = "OnionArchOrnegi.Persistence", "OnionArchOrnegi.Persistence\OnionArchOrnegi.Persistence.csproj", "{6B87CD83-5E71-4EC9-ABFA-612344AB432D}"
EndProject
Project("{FAE04EC0-301F-11D3-BF4B-00C04F79EFBC}") = "OnionArchOrnegi.SharedLibrary", "OnionArchOrnegi.SharedLibrary\OnionArchOrnegi.SharedLibrary.csproj", "{F94C22BA-4D09-4EDA-8225-A1A62F6DD750}"
EndProject
Project("{FAE04EC0-301F-11D3-BF4B-00C04F79EFBC}") = "OnionArchOrnegi.Infrastructure", "OnionArchOrnegi.Infrastructure\OnionArchOrnegi.Infrastructure.csproj", "{FCA280AD-70C6-4D65-A082-4BA63140C42B}"
EndProject
Global
	GlobalSection(SolutionConfigurationPlatforms) = preSolution
		Debug|Any CPU = Debug|Any CPU
		Release|Any CPU = Release|Any CPU
	EndGlobalSection
	GlobalSection(ProjectConfigurationPlatforms) = postSolution
		{5E2DD496-597C-4937-BDE4-49771E3AEFEF}.Debug|Any CPU.ActiveCfg = Debug|Any CPU
		{5E2DD496-597C-4937-BDE4-49771E3AEFEF}.Debug|Any CPU.Build.0 = Debug|Any CPU
		{5E2DD496-597C-4937-BDE4-49771E3AEFEF}.Release|Any CPU.ActiveCfg = Release|Any CPU
		{5E2DD496-597C-4937-BDE4-49771E3AEFEF}.Release|Any CPU.Build.0 = Release|Any CPU
		{FCF68E11-C067-45B6-AAC3-B29D0BE95DDC}.Debug|Any CPU.ActiveCfg = Debug|Any CPU
		{FCF68E11-C067-45B6-AAC3-B29D0BE95DDC}.Debug|Any CPU.Build.0 = Debug|Any CPU
		{FCF68E11-C067-45B6-AAC3-B29D0BE95DDC}.Release|Any CPU.ActiveCfg = Release|Any CPU
		{FCF68E11-C067-45B6-AAC3-B29D0BE95DDC}.Release|Any CPU.Build.0 = Release|Any CPU
		{0B2DEB38-57B9-4B2D-A139-F338017D9C6E}.Debug|Any CPU.ActiveCfg = Debug|Any CPU
		{0B2DEB38-57B9-4B2D-A139-F338017D9C6E}.Debug|Any CPU.Build.0 = Debug|Any CPU
		{0B2DEB38-57B9-4B2D-A139-F338017D9C6E}.Release|Any CPU.ActiveCfg = Release|Any CPU
		{0B2DEB38-57B9-4B2D-A139-F338017D9C6E}.Release|Any CPU.Build.0 = Release|Any CPU
		{6B87CD83-5E71-4EC9-ABFA-612344AB432D}.Debug|Any CPU.ActiveCfg = Debug|Any CPU
		{6B87CD83-5E71-4EC9-ABFA-612344AB432D}.Debug|Any CPU.Build.0 = Debug|Any CPU
		{6B87CD83-5E71-4EC9-ABFA-612344AB432D}.Release|Any CPU.ActiveCfg = Release|Any CPU
		{6B87CD83-5E71-4EC9-ABFA-612344AB432D}.Release|Any CPU.Build.0 = Release|Any CPU
		{F94C22BA-4D09-4EDA-8225-A1A62F6DD750}.Debug|Any CPU.ActiveCfg = Debug|Any CPU
		{F94C22BA-4D09-4EDA-8225-A1A62F6DD750}.Debug|Any CPU.Build.0 = Debug|Any CPU
		{F94C22BA-4D09-4EDA-8225-A1A62F6DD750}.Release|Any CPU.ActiveCfg = Release|Any CPU
		{F94C22BA-4D09-4EDA-8225-A1A62F6DD750}.Release|Any CPU.Build.0 = Release|Any CPU
		{FCA280AD-70C6-4D65-A082-4BA63140C42B}.Debug|Any CPU.ActiveCfg = Debug|Any CPU
		{FCA280AD-70C6-4D65-A082-4BA63140C42B}.Debug|Any CPU.Build.0 = Debug|Any CPU
		{FCA280AD-70C6-4D65-A082-4BA63140C42B}.Release|Any CPU.ActiveCfg = Release|Any CPU
		{FCA280AD-70C6-4D65-A082-4BA63140C42B}.Release|Any CPU.Build.0 = Release|Any CPU
	EndGlobalSection
	GlobalSection(SolutionProperties) = preSolution
		HideSolutionNode = FALSE
	EndGlobalSection
EndGlobal
